
Microsoft Visual Studio Solution File, Format Version 12.00
# Visual Studio 15
VisualStudioVersion = 15.0.27428.1
MinimumVisualStudioVersion = 10.0.40219.1
Project("{FAE04EC0-301F-11D3-BF4B-00C04F79EFBC}") = "Survey System", "Survey System\Survey System.csproj", "{5BB76A6D-D54D-426B-B904-25035734F71D}"
EndProject
Global
	GlobalSection(SolutionConfigurationPlatforms) = preSolution
		Debug|Any CPU = Debug|Any CPU
		Release|Any CPU = Release|Any CPU
	EndGlobalSection
	GlobalSection(ProjectConfigurationPlatforms) = postSolution
		{5BB76A6D-D54D-426B-B904-25035734F71D}.Debug|Any CPU.ActiveCfg = Debug|Any CPU
		{5BB76A6D-D54D-426B-B904-25035734F71D}.Debug|Any CPU.Build.0 = Debug|Any CPU
		{5BB76A6D-D54D-426B-B904-25035734F71D}.Release|Any CPU.ActiveCfg = Release|Any CPU
		{5BB76A6D-D54D-426B-B904-25035734F71D}.Release|Any CPU.Build.0 = Release|Any CPU
	EndGlobalSection
	GlobalSection(SolutionProperties) = preSolution
		HideSolutionNode = FALSE
	EndGlobalSection
	GlobalSection(ExtensibilityGlobals) = postSolution
		SolutionGuid = {652B47DA-730B-4E7F-9366-9537FA650DAA}
	EndGlobalSection
EndGlobal
